lockfileVersion: '9.0'

settings:
  autoInstallPeers: true
  excludeLinksFromLockfile: false

importers:

  .:
    dependencies:
      element-ui:
        specifier: ^2.15.14
        version: 2.15.14(vue@2.7.16)
      vue:
        specifier: ^2.7.16
        version: 2.7.16
    devDependencies:
      '@vitejs/plugin-vue2':
        specifier: ^2.3.3
        version: 2.3.4(vite@8.0.0-beta.1(@types/node@24.10.2))(vue@2.7.16)
      vite:
        specifier: 8.0.0-beta.1
        version: 8.0.0-beta.1(@types/node@24.10.2)

packages:

  '@babel/helper-string-parser@7.27.1':
    resolution: {integrity: sha512-qMlSxKbpRlAridDExk92nSobyDdpPijUq2DW6oDnUqd0iOGxmQjyqhMIihI9+zv4LPyZdRje2cavWPbCbWm3eA==, tarball: https://tone.tcl.com/mirrors/npm/pkgproxy?proxy=673417135477870592&pkgName=@babel/helper-string-parser&version=7.27.1&remote=aHR0cHM6Ly9yZWdpc3RyeS5ucG1taXJyb3IuY29tL0BiYWJlbC9oZWxwZXItc3RyaW5nLXBhcnNlci8tL2hlbHBlci1zdHJpbmctcGFyc2VyLTcuMjcuMS50Z3o=}
    engines: {node: '>=6.9.0'}

  '@babel/helper-validator-identifier@7.28.5':
    resolution: {integrity: sha512-qSs4ifwzKJSV39ucNjsvc6WVHs6b7S03sOh2OcHF9UHfVPqWWALUsNUVzhSBiItjRZoLHx7nIarVjqKVusUZ1Q==, tarball: https://tone.tcl.com/mirrors/npm/pkgproxy?proxy=673417135477870592&pkgName=@babel/helper-validator-identifier&version=7.28.5&remote=aHR0cHM6Ly9yZWdpc3RyeS5ucG1taXJyb3IuY29tL0BiYWJlbC9oZWxwZXItdmFsaWRhdG9yLWlkZW50aWZpZXIvLS9oZWxwZXItdmFsaWRhdG9yLWlkZW50aWZpZXItNy4yOC41LnRneg==}
    engines: {node: '>=6.9.0'}

  '@babel/parser@7.28.5':
    resolution: {integrity: sha512-KKBU1VGYR7ORr3At5HAtUQ+TV3SzRCXmA/8OdDZiLDBIZxVyzXuztPjfLd3BV1PRAQGCMWWSHYhL0F8d5uHBDQ==, tarball: https://tone.tcl.com/mirrors/npm/pkgproxy?proxy=673417135477870592&pkgName=@babel/parser&version=7.28.5&remote=aHR0cHM6Ly9yZWdpc3RyeS5ucG1taXJyb3IuY29tL0BiYWJlbC9wYXJzZXIvLS9wYXJzZXItNy4yOC41LnRneg==}
    engines: {node: '>=6.0.0'}
    hasBin: true

  '@babel/types@7.28.5':
    resolution: {integrity: sha512-qQ5m48eI/MFLQ5PxQj4PFaprjyCTLI37ElWMmNs0K8Lk3dVeOdNpB3ks8jc7yM5CDmVC73eMVk/trk3fgmrUpA==, tarball: https://tone.tcl.com/mirrors/npm/pkgproxy?proxy=673417135477870592&pkgName=@babel/types&version=7.28.5&remote=aHR0cHM6Ly9yZWdpc3RyeS5ucG1taXJyb3IuY29tL0BiYWJlbC90eXBlcy8tL3R5cGVzLTcuMjguNS50Z3o=}
    engines: {node: '>=6.9.0'}

  '@emnapi/core@1.7.1':
    resolution: {integrity: sha512-o1uhUASyo921r2XtHYOHy7gdkGLge8ghBEQHMWmyJFoXlpU58kIrhhN3w26lpQb6dspetweapMn2CSNwQ8I4wg==, tarball: https://tone.tcl.com/mirrors/npm/pkgproxy?proxy=673417135477870592&pkgName=@emnapi/core&version=1.7.1&remote=aHR0cHM6Ly9yZWdpc3RyeS5ucG1taXJyb3IuY29tL0BlbW5hcGkvY29yZS8tL2NvcmUtMS43LjEudGd6}

  '@emnapi/runtime@1.7.1':
    resolution: {integrity: sha512-PVtJr5CmLwYAU9PZDMITZoR5iAOShYREoR45EyyLrbntV50mdePTgUn4AmOw90Ifcj+x2kRjdzr1HP3RrNiHGA==, tarball: https://tone.tcl.com/mirrors/npm/pkgproxy?proxy=673417135477870592&pkgName=@emnapi/runtime&version=1.7.1&remote=aHR0cHM6Ly9yZWdpc3RyeS5ucG1taXJyb3IuY29tL0BlbW5hcGkvcnVudGltZS8tL3J1bnRpbWUtMS43LjEudGd6}

  '@emnapi/wasi-threads@1.1.0':
    resolution: {integrity: sha512-WI0DdZ8xFSbgMjR1sFsKABJ/C5OnRrjT06JXbZKexJGrDuPTzZdDYfFlsgcCXCyf+suG5QU2e/y1Wo2V/OapLQ==, tarball: https://tone.tcl.com/mirrors/npm/pkgproxy?proxy=673417135477870592&pkgName=@emnapi/wasi-threads&version=1.1.0&remote=aHR0cHM6Ly9yZWdpc3RyeS5ucG1taXJyb3IuY29tL0BlbW5hcGkvd2FzaS10aHJlYWRzLy0vd2FzaS10aHJlYWRzLTEuMS4wLnRneg==}

  '@napi-rs/wasm-runtime@1.1.0':
    resolution: {integrity: sha512-Fq6DJW+Bb5jaWE69/qOE0D1TUN9+6uWhCeZpdnSBk14pjLcCWR7Q8n49PTSPHazM37JqrsdpEthXy2xn6jWWiA==, tarball: https://tone.tcl.com/mirrors/npm/pkgproxy?proxy=673417135477870592&pkgName=@napi-rs/wasm-runtime&version=1.1.0&remote=aHR0cHM6Ly9yZWdpc3RyeS5ucG1taXJyb3IuY29tL0BuYXBpLXJzL3dhc20tcnVudGltZS8tL3dhc20tcnVudGltZS0xLjEuMC50Z3o=}

  '@oxc-project/runtime@0.101.0':
    resolution: {integrity: sha512-t3qpfVZIqSiLQ5Kqt/MC4Ge/WCOGrrcagAdzTcDaggupjiGxUx4nJF2v6wUCXWSzWHn5Ns7XLv13fCJEwCOERQ==, tarball: https://tone.tcl.com/mirrors/npm/pkgproxy?proxy=673417135477870592&pkgName=@oxc-project/runtime&version=0.101.0&remote=aHR0cHM6Ly9yZWdpc3RyeS5ucG1taXJyb3IuY29tL0BveGMtcHJvamVjdC9ydW50aW1lLy0vcnVudGltZS0wLjEwMS4wLnRneg==}
    engines: {node: ^20.19.0 || >=22.12.0}

  '@oxc-project/types@0.101.0':
    resolution: {integrity: sha512-nuFhqlUzJX+gVIPPfuE6xurd4lST3mdcWOhyK/rZO0B9XWMKm79SuszIQEnSMmmDhq1DC8WWVYGVd+6F93o1gQ==, tarball: https://tone.tcl.com/mirrors/npm/pkgproxy?proxy=673417135477870592&pkgName=@oxc-project/types&version=0.101.0&remote=aHR0cHM6Ly9yZWdpc3RyeS5ucG1taXJyb3IuY29tL0BveGMtcHJvamVjdC90eXBlcy8tL3R5cGVzLTAuMTAxLjAudGd6}

  '@rolldown/binding-android-arm64@1.0.0-beta.53':
    resolution: {integrity: sha512-Ok9V8o7o6YfSdTTYA/uHH30r3YtOxLD6G3wih/U9DO0ucBBFq8WPt/DslU53OgfteLRHITZny9N/qCUxMf9kjQ==, tarball: https://tone.tcl.com/mirrors/npm/pkgproxy?proxy=673417135477870592&pkgName=@rolldown/binding-android-arm64&version=1.0.0-beta.53&remote=aHR0cHM6Ly9yZWdpc3RyeS5ucG1taXJyb3IuY29tL0Byb2xsZG93bi9iaW5kaW5nLWFuZHJvaWQtYXJtNjQvLS9iaW5kaW5nLWFuZHJvaWQtYXJtNjQtMS4wLjAtYmV0YS41My50Z3o=}
    engines: {node: ^20.19.0 || >=22.12.0}
    cpu: [arm64]
    os: [android]

  '@rolldown/binding-darwin-arm64@1.0.0-beta.53':
    resolution: {integrity: sha512-yIsKqMz0CtRnVa6x3Pa+mzTihr4Ty+Z6HfPbZ7RVbk1Uxnco4+CUn7Qbm/5SBol1JD/7nvY8rphAgyAi7Lj6Vg==, tarball: https://tone.tcl.com/mirrors/npm/pkgproxy?proxy=673417135477870592&pkgName=@rolldown/binding-darwin-arm64&version=1.0.0-beta.53&remote=aHR0cHM6Ly9yZWdpc3RyeS5ucG1taXJyb3IuY29tL0Byb2xsZG93bi9iaW5kaW5nLWRhcndpbi1hcm02NC8tL2JpbmRpbmctZGFyd2luLWFybTY0LTEuMC4wLWJldGEuNTMudGd6}
    engines: {node: ^20.19.0 || >=22.12.0}
    cpu: [arm64]
    os: [darwin]

  '@rolldown/binding-darwin-x64@1.0.0-beta.53':
    resolution: {integrity: sha512-GTXe+mxsCGUnJOFMhfGWmefP7Q9TpYUseHvhAhr21nCTgdS8jPsvirb0tJwM3lN0/u/cg7bpFNa16fQrjKrCjQ==, tarball: https://tone.tcl.com/mirrors/npm/pkgproxy?proxy=673417135477870592&pkgName=@rolldown/binding-darwin-x64&version=1.0.0-beta.53&remote=aHR0cHM6Ly9yZWdpc3RyeS5ucG1taXJyb3IuY29tL0Byb2xsZG93bi9iaW5kaW5nLWRhcndpbi14NjQvLS9iaW5kaW5nLWRhcndpbi14NjQtMS4wLjAtYmV0YS41My50Z3o=}
    engines: {node: ^20.19.0 || >=22.12.0}
    cpu: [x64]
    os: [darwin]

  '@rolldown/binding-freebsd-x64@1.0.0-beta.53':
    resolution: {integrity: sha512-9Tmp7bBvKqyDkMcL4e089pH3RsjD3SUungjmqWtyhNOxoQMh0fSmINTyYV8KXtE+JkxYMPWvnEt+/mfpVCkk8w==, tarball: https://tone.tcl.com/mirrors/npm/pkgproxy?proxy=673417135477870592&pkgName=@rolldown/binding-freebsd-x64&version=1.0.0-beta.53&remote=aHR0cHM6Ly9yZWdpc3RyeS5ucG1taXJyb3IuY29tL0Byb2xsZG93bi9iaW5kaW5nLWZyZWVic2QteDY0Ly0vYmluZGluZy1mcmVlYnNkLXg2NC0xLjAuMC1iZXRhLjUzLnRneg==}
    engines: {node: ^20.19.0 || >=22.12.0}
    cpu: [x64]
    os: [freebsd]

  '@rolldown/binding-linux-arm-gnueabihf@1.0.0-beta.53':
    resolution: {integrity: sha512-a1y5fiB0iovuzdbjUxa7+Zcvgv+mTmlGGC4XydVIsyl48eoxgaYkA3l9079hyTyhECsPq+mbr0gVQsFU11OJAQ==, tarball: https://tone.tcl.com/mirrors/npm/pkgproxy?proxy=673417135477870592&pkgName=@rolldown/binding-linux-arm-gnueabihf&version=1.0.0-beta.53&remote=aHR0cHM6Ly9yZWdpc3RyeS5ucG1taXJyb3IuY29tL0Byb2xsZG93bi9iaW5kaW5nLWxpbnV4LWFybS1nbnVlYWJpaGYvLS9iaW5kaW5nLWxpbnV4LWFybS1nbnVlYWJpaGYtMS4wLjAtYmV0YS41My50Z3o=}
    engines: {node: ^20.19.0 || >=22.12.0}
    cpu: [arm]
    os: [linux]

  '@rolldown/binding-linux-arm64-gnu@1.0.0-beta.53':
    resolution: {integrity: sha512-bpIGX+ov9PhJYV+wHNXl9rzq4F0QvILiURn0y0oepbQx+7stmQsKA0DhPGwmhfvF856wq+gbM8L92SAa/CBcLg==, tarball: https://tone.tcl.com/mirrors/npm/pkgproxy?proxy=673417135477870592&pkgName=@rolldown/binding-linux-arm64-gnu&version=1.0.0-beta.53&remote=aHR0cHM6Ly9yZWdpc3RyeS5ucG1taXJyb3IuY29tL0Byb2xsZG93bi9iaW5kaW5nLWxpbnV4LWFybTY0LWdudS8tL2JpbmRpbmctbGludXgtYXJtNjQtZ251LTEuMC4wLWJldGEuNTMudGd6}
    engines: {node: ^20.19.0 || >=22.12.0}
    cpu: [arm64]
    os: [linux]
    libc: [glibc]

  '@rolldown/binding-linux-arm64-musl@1.0.0-beta.53':
    resolution: {integrity: sha512-bGe5EBB8FVjHBR1mOLOPEFg1Lp3//7geqWkU5NIhxe+yH0W8FVrQ6WRYOap4SUTKdklD/dC4qPLREkMMQ855FA==, tarball: https://tone.tcl.com/mirrors/npm/pkgproxy?proxy=673417135477870592&pkgName=@rolldown/binding-linux-arm64-musl&version=1.0.0-beta.53&remote=aHR0cHM6Ly9yZWdpc3RyeS5ucG1taXJyb3IuY29tL0Byb2xsZG93bi9iaW5kaW5nLWxpbnV4LWFybTY0LW11c2wvLS9iaW5kaW5nLWxpbnV4LWFybTY0LW11c2wtMS4wLjAtYmV0YS41My50Z3o=}
    engines: {node: ^20.19.0 || >=22.12.0}
    cpu: [arm64]
    os: [linux]
    libc: [musl]

  '@rolldown/binding-linux-x64-gnu@1.0.0-beta.53':
    resolution: {integrity: sha512-qL+63WKVQs1CMvFedlPt0U9PiEKJOAL/bsHMKUDS6Vp2Q+YAv/QLPu8rcvkfIMvQ0FPU2WL0aX4eWwF6e/GAnA==, tarball: https://tone.tcl.com/mirrors/npm/pkgproxy?proxy=673417135477870592&pkgName=@rolldown/binding-linux-x64-gnu&version=1.0.0-beta.53&remote=aHR0cHM6Ly9yZWdpc3RyeS5ucG1taXJyb3IuY29tL0Byb2xsZG93bi9iaW5kaW5nLWxpbnV4LXg2NC1nbnUvLS9iaW5kaW5nLWxpbnV4LXg2NC1nbnUtMS4wLjAtYmV0YS41My50Z3o=}
    engines: {node: ^20.19.0 || >=22.12.0}
    cpu: [x64]
    os: [linux]
    libc: [glibc]

  '@rolldown/binding-linux-x64-musl@1.0.0-beta.53':
    resolution: {integrity: sha512-VGl9JIGjoJh3H8Mb+7xnVqODajBmrdOOb9lxWXdcmxyI+zjB2sux69br0hZJDTyLJfvBoYm439zPACYbCjGRmw==, tarball: https://tone.tcl.com/mirrors/npm/pkgproxy?proxy=673417135477870592&pkgName=@rolldown/binding-linux-x64-musl&version=1.0.0-beta.53&remote=aHR0cHM6Ly9yZWdpc3RyeS5ucG1taXJyb3IuY29tL0Byb2xsZG93bi9iaW5kaW5nLWxpbnV4LXg2NC1tdXNsLy0vYmluZGluZy1saW51eC14NjQtbXVzbC0xLjAuMC1iZXRhLjUzLnRneg==}
    engines: {node: ^20.19.0 || >=22.12.0}
    cpu: [x64]
    os: [linux]
    libc: [musl]

  '@rolldown/binding-openharmony-arm64@1.0.0-beta.53':
    resolution: {integrity: sha512-B4iIserJXuSnNzA5xBLFUIjTfhNy7d9sq4FUMQY3GhQWGVhS2RWWzzDnkSU6MUt7/aHUrep0CdQfXUJI9D3W7A==, tarball: https://tone.tcl.com/mirrors/npm/pkgproxy?proxy=673417135477870592&pkgName=@rolldown/binding-openharmony-arm64&version=1.0.0-beta.53&remote=aHR0cHM6Ly9yZWdpc3RyeS5ucG1taXJyb3IuY29tL0Byb2xsZG93bi9iaW5kaW5nLW9wZW5oYXJtb255LWFybTY0Ly0vYmluZGluZy1vcGVuaGFybW9ueS1hcm02NC0xLjAuMC1iZXRhLjUzLnRneg==}
    engines: {node: ^20.19.0 || >=22.12.0}
    cpu: [arm64]
    os: [openharmony]

  '@rolldown/binding-wasm32-wasi@1.0.0-beta.53':
    resolution: {integrity: sha512-BUjAEgpABEJXilGq/BPh7jeU3WAJ5o15c1ZEgHaDWSz3LB881LQZnbNJHmUiM4d1JQWMYYyR1Y490IBHi2FPJg==, tarball: https://tone.tcl.com/mirrors/npm/pkgproxy?proxy=673417135477870592&pkgName=@rolldown/binding-wasm32-wasi&version=1.0.0-beta.53&remote=aHR0cHM6Ly9yZWdpc3RyeS5ucG1taXJyb3IuY29tL0Byb2xsZG93bi9iaW5kaW5nLXdhc20zMi13YXNpLy0vYmluZGluZy13YXNtMzItd2FzaS0xLjAuMC1iZXRhLjUzLnRneg==}
    engines: {node: '>=14.0.0'}
    cpu: [wasm32]

  '@rolldown/binding-win32-arm64-msvc@1.0.0-beta.53':
    resolution: {integrity: sha512-s27uU7tpCWSjHBnxyVXHt3rMrQdJq5MHNv3BzsewCIroIw3DJFjMH1dzCPPMUFxnh1r52Nf9IJ/eWp6LDoyGcw==, tarball: https://tone.tcl.com/mirrors/npm/pkgproxy?proxy=673417135477870592&pkgName=@rolldown/binding-win32-arm64-msvc&version=1.0.0-beta.53&remote=aHR0cHM6Ly9yZWdpc3RyeS5ucG1taXJyb3IuY29tL0Byb2xsZG93bi9iaW5kaW5nLXdpbjMyLWFybTY0LW1zdmMvLS9iaW5kaW5nLXdpbjMyLWFybTY0LW1zdmMtMS4wLjAtYmV0YS41My50Z3o=}
    engines: {node: ^20.19.0 || >=22.12.0}
    cpu: [arm64]
    os: [win32]

  '@rolldown/binding-win32-x64-msvc@1.0.0-beta.53':
    resolution: {integrity: sha512-cjWL/USPJ1g0en2htb4ssMjIycc36RvdQAx1WlXnS6DpULswiUTVXPDesTifSKYSyvx24E0YqQkEm0K/M2Z/AA==, tarball: https://tone.tcl.com/mirrors/npm/pkgproxy?proxy=673417135477870592&pkgName=@rolldown/binding-win32-x64-msvc&version=1.0.0-beta.53&remote=aHR0cHM6Ly9yZWdpc3RyeS5ucG1taXJyb3IuY29tL0Byb2xsZG93bi9iaW5kaW5nLXdpbjMyLXg2NC1tc3ZjLy0vYmluZGluZy13aW4zMi14NjQtbXN2Yy0xLjAuMC1iZXRhLjUzLnRneg==}
    engines: {node: ^20.19.0 || >=22.12.0}
    cpu: [x64]
    os: [win32]

  '@rolldown/pluginutils@1.0.0-beta.53':
    resolution: {integrity: sha512-vENRlFU4YbrwVqNDZ7fLvy+JR1CRkyr01jhSiDpE1u6py3OMzQfztQU2jxykW3ALNxO4kSlqIDeYyD0Y9RcQeQ==, tarball: https://tone.tcl.com/mirrors/npm/pkgproxy?proxy=673417135477870592&pkgName=@rolldown/pluginutils&version=1.0.0-beta.53&remote=aHR0cHM6Ly9yZWdpc3RyeS5ucG1taXJyb3IuY29tL0Byb2xsZG93bi9wbHVnaW51dGlscy8tL3BsdWdpbnV0aWxzLTEuMC4wLWJldGEuNTMudGd6}

  '@tybys/wasm-util@0.10.1':
    resolution: {integrity: sha512-9tTaPJLSiejZKx+Bmog4uSubteqTvFrVrURwkmHixBo0G4seD0zUxp98E1DzUBJxLQ3NPwXrGKDiVjwx/DpPsg==, tarball: https://tone.tcl.com/mirrors/npm/pkgproxy?proxy=673417135477870592&pkgName=@tybys/wasm-util&version=0.10.1&remote=aHR0cHM6Ly9yZWdpc3RyeS5ucG1taXJyb3IuY29tL0B0eWJ5cy93YXNtLXV0aWwvLS93YXNtLXV0aWwtMC4xMC4xLnRneg==}

  '@types/node@24.10.2':
    resolution: {integrity: sha512-WOhQTZ4G8xZ1tjJTvKOpyEVSGgOTvJAfDK3FNFgELyaTpzhdgHVHeqW8V+UJvzF5BT+/B54T/1S2K6gd9c7bbA==, tarball: https://tone.tcl.com/mirrors/npm/pkgproxy?proxy=673417135477870592&pkgName=@types/node&version=24.10.2&remote=aHR0cHM6Ly9yZWdpc3RyeS5ucG1taXJyb3IuY29tL0B0eXBlcy9ub2RlLy0vbm9kZS0yNC4xMC4yLnRneg==}

  '@vitejs/plugin-vue2@2.3.4':
    resolution: {integrity: sha512-LgqtRRedJb1KdmgcllwGX0gtlPvOvtR6pITXmqxGwQhBZaAysg0Hd7wvj3sjCsj4+PENWsqS7O+ceYSOgJ+H9g==, tarball: https://tone.tcl.com/mirrors/npm/pkgproxy?proxy=673417135477870592&pkgName=@vitejs/plugin-vue2&version=2.3.4&remote=aHR0cHM6Ly9yZWdpc3RyeS5ucG1taXJyb3IuY29tL0B2aXRlanMvcGx1Z2luLXZ1ZTIvLS9wbHVnaW4tdnVlMi0yLjMuNC50Z3o=}
    engines: {node: ^14.18.0 || >= 16.0.0}
    peerDependencies:
      vite: ^3.0.0 || ^4.0.0 || ^5.0.0 || ^6.0.0 || ^7.0.0
      vue: ^2.7.0-0

  '@vue/compiler-sfc@2.7.16':
    resolution: {integrity: sha512-KWhJ9k5nXuNtygPU7+t1rX6baZeqOYLEforUPjgNDBnLicfHCoi48H87Q8XyLZOrNNsmhuwKqtpDQWjEFe6Ekg==, tarball: https://tone.tcl.com/mirrors/npm/pkgproxy?proxy=673417135477870592&pkgName=@vue/compiler-sfc&version=2.7.16&remote=aHR0cHM6Ly9yZWdpc3RyeS5ucG1taXJyb3IuY29tL0B2dWUvY29tcGlsZXItc2ZjLy0vY29tcGlsZXItc2ZjLTIuNy4xNi50Z3o=}

  async-validator@1.8.5:
    resolution: {integrity: sha512-tXBM+1m056MAX0E8TL2iCjg8WvSyXu0Zc8LNtYqrVeyoL3+esHRZ4SieE9fKQyyU09uONjnMEjrNBMqT0mbvmA==, tarball: https://tone.tcl.com/mirrors/npm/pkgproxy?proxy=673417135477870592&pkgName=async-validator&version=1.8.5&remote=aHR0cHM6Ly9yZWdpc3RyeS5ucG1taXJyb3IuY29tL2FzeW5jLXZhbGlkYXRvci8tL2FzeW5jLXZhbGlkYXRvci0xLjguNS50Z3o=}

  babel-helper-vue-jsx-merge-props@2.0.3:
    resolution: {integrity: sha512-gsLiKK7Qrb7zYJNgiXKpXblxbV5ffSwR0f5whkPAaBAR4fhi6bwRZxX9wBlIc5M/v8CCkXUbXZL4N/nSE97cqg==, tarball: https://tone.tcl.com/mirrors/npm/pkgproxy?proxy=673417135477870592&pkgName=babel-helper-vue-jsx-merge-props&version=2.0.3&remote=aHR0cHM6Ly9yZWdpc3RyeS5ucG1taXJyb3IuY29tL2JhYmVsLWhlbHBlci12dWUtanN4LW1lcmdlLXByb3BzLy0vYmFiZWwtaGVscGVyLXZ1ZS1qc3gtbWVyZ2UtcHJvcHMtMi4wLjMudGd6}

  babel-runtime@6.26.0:
    resolution: {integrity: sha512-ITKNuq2wKlW1fJg9sSW52eepoYgZBggvOAHC0u/CYu/qxQ9EVzThCgR69BnSXLHjy2f7SY5zaQ4yt7H9ZVxY2g==, tarball: https://tone.tcl.com/mirrors/npm/pkgproxy?proxy=673417135477870592&pkgName=babel-runtime&version=6.26.0&remote=aHR0cHM6Ly9yZWdpc3RyeS5ucG1taXJyb3IuY29tL2JhYmVsLXJ1bnRpbWUvLS9iYWJlbC1ydW50aW1lLTYuMjYuMC50Z3o=}

  core-js@2.6.12:
    resolution: {integrity: sha512-Kb2wC0fvsWfQrgk8HU5lW6U/Lcs8+9aaYcy4ZFc6DDlo4nZ7n70dEgE5rtR0oG6ufKDUnrwfWL1mXR5ljDatrQ==, tarball: https://tone.tcl.com/mirrors/npm/pkgproxy?proxy=673417135477870592&pkgName=core-js&version=2.6.12&remote=aHR0cHM6Ly9yZWdpc3RyeS5ucG1taXJyb3IuY29tL2NvcmUtanMvLS9jb3JlLWpzLTIuNi4xMi50Z3o=}
    deprecated: core-js@<3.23.3 is no longer maintained and not recommended for usage due to the number of issues. Because of the V8 engine whims, feature detection in old core-js versions could cause a slowdown up to 100x even if nothing is polyfilled. Some versions have web compatibility issues. Please, upgrade your dependencies to the actual version of core-js.

  csstype@3.2.3:
    resolution: {integrity: sha512-z1HGKcYy2xA8AGQfwrn0PAy+PB7X/GSj3UVJW9qKyn43xWa+gl5nXmU4qqLMRzWVLFC8KusUX8T/0kCiOYpAIQ==, tarball: https://tone.tcl.com/mirrors/npm/pkgproxy?proxy=673417135477870592&pkgName=csstype&version=3.2.3&remote=aHR0cHM6Ly9yZWdpc3RyeS5ucG1taXJyb3IuY29tL2Nzc3R5cGUvLS9jc3N0eXBlLTMuMi4zLnRneg==}

  deepmerge@1.5.2:
    resolution: {integrity: sha512-95k0GDqvBjZavkuvzx/YqVLv/6YYa17fz6ILMSf7neqQITCPbnfEnQvEgMPNjH4kgobe7+WIL0yJEHku+H3qtQ==, tarball: https://tone.tcl.com/mirrors/npm/pkgproxy?proxy=673417135477870592&pkgName=deepmerge&version=1.5.2&remote=aHR0cHM6Ly9yZWdpc3RyeS5ucG1taXJyb3IuY29tL2RlZXBtZXJnZS8tL2RlZXBtZXJnZS0xLjUuMi50Z3o=}
    engines: {node: '>=0.10.0'}

  detect-libc@2.1.2:
    resolution: {integrity: sha512-Btj2BOOO83o3WyH59e8MgXsxEQVcarkUOpEYrubB0urwnN10yQ364rsiByU11nZlqWYZm05i/of7io4mzihBtQ==, tarball: https://tone.tcl.com/mirrors/npm/pkgproxy?proxy=673417135477870592&pkgName=detect-libc&version=2.1.2&remote=aHR0cHM6Ly9yZWdpc3RyeS5ucG1taXJyb3IuY29tL2RldGVjdC1saWJjLy0vZGV0ZWN0LWxpYmMtMi4xLjIudGd6}
    engines: {node: '>=8'}

  element-ui@2.15.14:
    resolution: {integrity: sha512-2v9fHL0ZGINotOlRIAJD5YuVB8V7WKxrE9Qy7dXhRipa035+kF7WuU/z+tEmLVPBcJ0zt8mOu1DKpWcVzBK8IA==, tarball: https://tone.tcl.com/mirrors/npm/pkgproxy?proxy=673417135477870592&pkgName=element-ui&version=2.15.14&remote=aHR0cHM6Ly9yZWdpc3RyeS5ucG1taXJyb3IuY29tL2VsZW1lbnQtdWkvLS9lbGVtZW50LXVpLTIuMTUuMTQudGd6}
    peerDependencies:
      vue: ^2.5.17

  fdir@6.5.0:
    resolution: {integrity: sha512-tIbYtZbucOs0BRGqPJkshJUYdL+SDH7dVM8gjy+ERp3WAUjLEFJE+02kanyHtwjWOnwrKYBiwAmM0p4kLJAnXg==, tarball: https://tone.tcl.com/mirrors/npm/pkgproxy?proxy=673417135477870592&pkgName=fdir&version=6.5.0&remote=aHR0cHM6Ly9yZWdpc3RyeS5ucG1taXJyb3IuY29tL2ZkaXIvLS9mZGlyLTYuNS4wLnRneg==}
    engines: {node: '>=12.0.0'}
    peerDependencies:
      picomatch: ^3 || ^4
    peerDependenciesMeta:
      picomatch:
        optional: true

  fsevents@2.3.3:
    resolution: {integrity: sha512-5xoDfX+fL7faATnagmWPpbFtwh/R77WmMMqqHGS65C3vvB0YHrgF+B1YmZ3441tMj5n63k0212XNoJwzlhffQw==, tarball: https://tone.tcl.com/mirrors/npm/pkgproxy?proxy=673417135477870592&pkgName=fsevents&version=2.3.3&remote=aHR0cHM6Ly9yZWdpc3RyeS5ucG1taXJyb3IuY29tL2ZzZXZlbnRzLy0vZnNldmVudHMtMi4zLjMudGd6}
    engines: {node: ^8.16.0 || ^10.6.0 || >=11.0.0}
    os: [darwin]

  lightningcss-android-arm64@1.30.2:
    resolution: {integrity: sha512-BH9sEdOCahSgmkVhBLeU7Hc9DWeZ1Eb6wNS6Da8igvUwAe0sqROHddIlvU06q3WyXVEOYDZ6ykBZQnjTbmo4+A==, tarball: https://tone.tcl.com/mirrors/npm/pkgproxy?proxy=673417135477870592&pkgName=lightningcss-android-arm64&version=1.30.2&remote=aHR0cHM6Ly9yZWdpc3RyeS5ucG1taXJyb3IuY29tL2xpZ2h0bmluZ2Nzcy1hbmRyb2lkLWFybTY0Ly0vbGlnaHRuaW5nY3NzLWFuZHJvaWQtYXJtNjQtMS4zMC4yLnRneg==}
    engines: {node: '>= 12.0.0'}
    cpu: [arm64]
    os: [android]

  lightningcss-darwin-arm64@1.30.2:
    resolution: {integrity: sha512-ylTcDJBN3Hp21TdhRT5zBOIi73P6/W0qwvlFEk22fkdXchtNTOU4Qc37SkzV+EKYxLouZ6M4LG9NfZ1qkhhBWA==, tarball: https://tone.tcl.com/mirrors/npm/pkgproxy?proxy=673417135477870592&pkgName=lightningcss-darwin-arm64&version=1.30.2&remote=aHR0cHM6Ly9yZWdpc3RyeS5ucG1taXJyb3IuY29tL2xpZ2h0bmluZ2Nzcy1kYXJ3aW4tYXJtNjQvLS9saWdodG5pbmdjc3MtZGFyd2luLWFybTY0LTEuMzAuMi50Z3o=}
    engines: {node: '>= 12.0.0'}
    cpu: [arm64]
    os: [darwin]

  lightningcss-darwin-x64@1.30.2:
    resolution: {integrity: sha512-oBZgKchomuDYxr7ilwLcyms6BCyLn0z8J0+ZZmfpjwg9fRVZIR5/GMXd7r9RH94iDhld3UmSjBM6nXWM2TfZTQ==, tarball: https://tone.tcl.com/mirrors/npm/pkgproxy?proxy=673417135477870592&pkgName=lightningcss-darwin-x64&version=1.30.2&remote=aHR0cHM6Ly9yZWdpc3RyeS5ucG1taXJyb3IuY29tL2xpZ2h0bmluZ2Nzcy1kYXJ3aW4teDY0Ly0vbGlnaHRuaW5nY3NzLWRhcndpbi14NjQtMS4zMC4yLnRneg==}
    engines: {node: '>= 12.0.0'}
    cpu: [x64]
    os: [darwin]

  lightningcss-freebsd-x64@1.30.2:
    resolution: {integrity: sha512-c2bH6xTrf4BDpK8MoGG4Bd6zAMZDAXS569UxCAGcA7IKbHNMlhGQ89eRmvpIUGfKWNVdbhSbkQaWhEoMGmGslA==, tarball: https://tone.tcl.com/mirrors/npm/pkgproxy?proxy=673417135477870592&pkgName=lightningcss-freebsd-x64&version=1.30.2&remote=aHR0cHM6Ly9yZWdpc3RyeS5ucG1taXJyb3IuY29tL2xpZ2h0bmluZ2Nzcy1mcmVlYnNkLXg2NC8tL2xpZ2h0bmluZ2Nzcy1mcmVlYnNkLXg2NC0xLjMwLjIudGd6}
    engines: {node: '>= 12.0.0'}
    cpu: [x64]
    os: [freebsd]

  lightningcss-linux-arm-gnueabihf@1.30.2:
    resolution: {integrity: sha512-eVdpxh4wYcm0PofJIZVuYuLiqBIakQ9uFZmipf6LF/HRj5Bgm0eb3qL/mr1smyXIS1twwOxNWndd8z0E374hiA==, tarball: https://tone.tcl.com/mirrors/npm/pkgproxy?proxy=673417135477870592&pkgName=lightningcss-linux-arm-gnueabihf&version=1.30.2&remote=aHR0cHM6Ly9yZWdpc3RyeS5ucG1taXJyb3IuY29tL2xpZ2h0bmluZ2Nzcy1saW51eC1hcm0tZ251ZWFiaWhmLy0vbGlnaHRuaW5nY3NzLWxpbnV4LWFybS1nbnVlYWJpaGYtMS4zMC4yLnRneg==}
    engines: {node: '>= 12.0.0'}
    cpu: [arm]
    os: [linux]

  lightningcss-linux-arm64-gnu@1.30.2:
    resolution: {integrity: sha512-UK65WJAbwIJbiBFXpxrbTNArtfuznvxAJw4Q2ZGlU8kPeDIWEX1dg3rn2veBVUylA2Ezg89ktszWbaQnxD/e3A==, tarball: https://tone.tcl.com/mirrors/npm/pkgproxy?proxy=673417135477870592&pkgName=lightningcss-linux-arm64-gnu&version=1.30.2&remote=aHR0cHM6Ly9yZWdpc3RyeS5ucG1taXJyb3IuY29tL2xpZ2h0bmluZ2Nzcy1saW51eC1hcm02NC1nbnUvLS9saWdodG5pbmdjc3MtbGludXgtYXJtNjQtZ251LTEuMzAuMi50Z3o=}
    engines: {node: '>= 12.0.0'}
    cpu: [arm64]
    os: [linux]
    libc: [glibc]

  lightningcss-linux-arm64-musl@1.30.2:
    resolution: {integrity: sha512-5Vh9dGeblpTxWHpOx8iauV02popZDsCYMPIgiuw97OJ5uaDsL86cnqSFs5LZkG3ghHoX5isLgWzMs+eD1YzrnA==, tarball: https://tone.tcl.com/mirrors/npm/pkgproxy?proxy=673417135477870592&pkgName=lightningcss-linux-arm64-musl&version=1.30.2&remote=aHR0cHM6Ly9yZWdpc3RyeS5ucG1taXJyb3IuY29tL2xpZ2h0bmluZ2Nzcy1saW51eC1hcm02NC1tdXNsLy0vbGlnaHRuaW5nY3NzLWxpbnV4LWFybTY0LW11c2wtMS4zMC4yLnRneg==}
    engines: {node: '>= 12.0.0'}
    cpu: [arm64]
    os: [linux]
    libc: [musl]

  lightningcss-linux-x64-gnu@1.30.2:
    resolution: {integrity: sha512-Cfd46gdmj1vQ+lR6VRTTadNHu6ALuw2pKR9lYq4FnhvgBc4zWY1EtZcAc6EffShbb1MFrIPfLDXD6Xprbnni4w==, tarball: https://tone.tcl.com/mirrors/npm/pkgproxy?proxy=673417135477870592&pkgName=lightningcss-linux-x64-gnu&version=1.30.2&remote=aHR0cHM6Ly9yZWdpc3RyeS5ucG1taXJyb3IuY29tL2xpZ2h0bmluZ2Nzcy1saW51eC14NjQtZ251Ly0vbGlnaHRuaW5nY3NzLWxpbnV4LXg2NC1nbnUtMS4zMC4yLnRneg==}
    engines: {node: '>= 12.0.0'}
    cpu: [x64]
    os: [linux]
    libc: [glibc]

  lightningcss-linux-x64-musl@1.30.2:
    resolution: {integrity: sha512-XJaLUUFXb6/QG2lGIW6aIk6jKdtjtcffUT0NKvIqhSBY3hh9Ch+1LCeH80dR9q9LBjG3ewbDjnumefsLsP6aiA==, tarball: https://tone.tcl.com/mirrors/npm/pkgproxy?proxy=673417135477870592&pkgName=lightningcss-linux-x64-musl&version=1.30.2&remote=aHR0cHM6Ly9yZWdpc3RyeS5ucG1taXJyb3IuY29tL2xpZ2h0bmluZ2Nzcy1saW51eC14NjQtbXVzbC8tL2xpZ2h0bmluZ2Nzcy1saW51eC14NjQtbXVzbC0xLjMwLjIudGd6}
    engines: {node: '>= 12.0.0'}
    cpu: [x64]
    os: [linux]
    libc: [musl]

  lightningcss-win32-arm64-msvc@1.30.2:
    resolution: {integrity: sha512-FZn+vaj7zLv//D/192WFFVA0RgHawIcHqLX9xuWiQt7P0PtdFEVaxgF9rjM/IRYHQXNnk61/H/gb2Ei+kUQ4xQ==, tarball: https://tone.tcl.com/mirrors/npm/pkgproxy?proxy=673417135477870592&pkgName=lightningcss-win32-arm64-msvc&version=1.30.2&remote=aHR0cHM6Ly9yZWdpc3RyeS5ucG1taXJyb3IuY29tL2xpZ2h0bmluZ2Nzcy13aW4zMi1hcm02NC1tc3ZjLy0vbGlnaHRuaW5nY3NzLXdpbjMyLWFybTY0LW1zdmMtMS4zMC4yLnRneg==}
    engines: {node: '>= 12.0.0'}
    cpu: [arm64]
    os: [win32]

  lightningcss-win32-x64-msvc@1.30.2:
    resolution: {integrity: sha512-5g1yc73p+iAkid5phb4oVFMB45417DkRevRbt/El/gKXJk4jid+vPFF/AXbxn05Aky8PapwzZrdJShv5C0avjw==, tarball: https://tone.tcl.com/mirrors/npm/pkgproxy?proxy=673417135477870592&pkgName=lightningcss-win32-x64-msvc&version=1.30.2&remote=aHR0cHM6Ly9yZWdpc3RyeS5ucG1taXJyb3IuY29tL2xpZ2h0bmluZ2Nzcy13aW4zMi14NjQtbXN2Yy8tL2xpZ2h0bmluZ2Nzcy13aW4zMi14NjQtbXN2Yy0xLjMwLjIudGd6}
    engines: {node: '>= 12.0.0'}
    cpu: [x64]
    os: [win32]

  lightningcss@1.30.2:
    resolution: {integrity: sha512-utfs7Pr5uJyyvDETitgsaqSyjCb2qNRAtuqUeWIAKztsOYdcACf2KtARYXg2pSvhkt+9NfoaNY7fxjl6nuMjIQ==, tarball: https://tone.tcl.com/mirrors/npm/pkgproxy?proxy=673417135477870592&pkgName=lightningcss&version=1.30.2&remote=aHR0cHM6Ly9yZWdpc3RyeS5ucG1taXJyb3IuY29tL2xpZ2h0bmluZ2Nzcy8tL2xpZ2h0bmluZ2Nzcy0xLjMwLjIudGd6}
    engines: {node: '>= 12.0.0'}

  nanoid@3.3.11:
    resolution: {integrity: sha512-N8SpfPUnUp1bK+PMYW8qSWdl9U+wwNWI4QKxOYDy9JAro3WMX7p2OeVRF9v+347pnakNevPmiHhNmZ2HbFA76w==, tarball: https://tone.tcl.com/mirrors/npm/pkgproxy?proxy=673417135477870592&pkgName=nanoid&version=3.3.11&remote=aHR0cHM6Ly9yZWdpc3RyeS5ucG1taXJyb3IuY29tL25hbm9pZC8tL25hbm9pZC0zLjMuMTEudGd6}
    engines: {node: ^10 || ^12 || ^13.7 || ^14 || >=15.0.1}
    hasBin: true

  normalize-wheel@1.0.1:
    resolution: {integrity: sha512-1OnlAPZ3zgrk8B91HyRj+eVv+kS5u+Z0SCsak6Xil/kmgEia50ga7zfkumayonZrImffAxPU/5WcyGhzetHNPA==, tarball: https://tone.tcl.com/mirrors/npm/pkgproxy?proxy=673417135477870592&pkgName=normalize-wheel&version=1.0.1&remote=aHR0cHM6Ly9yZWdpc3RyeS5ucG1taXJyb3IuY29tL25vcm1hbGl6ZS13aGVlbC8tL25vcm1hbGl6ZS13aGVlbC0xLjAuMS50Z3o=}

  picocolors@1.1.1:
    resolution: {integrity: sha512-xceH2snhtb5M9liqDsmEw56le376mTZkEX/jEb/RxNFyegNul7eNslCXP9FDj/Lcu0X8KEyMceP2ntpaHrDEVA==, tarball: https://tone.tcl.com/mirrors/npm/pkgproxy?proxy=673417135477870592&pkgName=picocolors&version=1.1.1&remote=aHR0cHM6Ly9yZWdpc3RyeS5ucG1taXJyb3IuY29tL3BpY29jb2xvcnMvLS9waWNvY29sb3JzLTEuMS4xLnRneg==}

  picomatch@4.0.3:
    resolution: {integrity: sha512-5gTmgEY/sqK6gFXLIsQNH19lWb4ebPDLA4SdLP7dsWkIXHWlG66oPuVvXSGFPppYZz8ZDZq0dYYrbHfBCVUb1Q==, tarball: https://tone.tcl.com/mirrors/npm/pkgproxy?proxy=673417135477870592&pkgName=picomatch&version=4.0.3&remote=aHR0cHM6Ly9yZWdpc3RyeS5ucG1taXJyb3IuY29tL3BpY29tYXRjaC8tL3BpY29tYXRjaC00LjAuMy50Z3o=}
    engines: {node: '>=12'}

  postcss@8.5.6:
    resolution: {integrity: sha512-3Ybi1tAuwAP9s0r1UQ2J4n5Y0G05bJkpUIO0/bI9MhwmD70S5aTWbXGBwxHrelT+XM1k6dM0pk+SwNkpTRN7Pg==, tarball: https://tone.tcl.com/mirrors/npm/pkgproxy?proxy=673417135477870592&pkgName=postcss&version=8.5.6&remote=aHR0cHM6Ly9yZWdpc3RyeS5ucG1taXJyb3IuY29tL3Bvc3Rjc3MvLS9wb3N0Y3NzLTguNS42LnRneg==}
    engines: {node: ^10 || ^12 || >=14}

  prettier@2.8.8:
    resolution: {integrity: sha512-tdN8qQGvNjw4CHbY+XXk0JgCXn9QiF21a55rBe5LJAU+kDyC4WQn4+awm2Xfk2lQMk5fKup9XgzTZtGkjBdP9Q==, tarball: https://tone.tcl.com/mirrors/npm/pkgproxy?proxy=673417135477870592&pkgName=prettier&version=2.8.8&remote=aHR0cHM6Ly9yZWdpc3RyeS5ucG1taXJyb3IuY29tL3ByZXR0aWVyLy0vcHJldHRpZXItMi44LjgudGd6}
    engines: {node: '>=10.13.0'}
    hasBin: true

  regenerator-runtime@0.11.1:
    resolution: {integrity: sha512-MguG95oij0fC3QV3URf4V2SDYGJhJnJGqvIIgdECeODCT98wSWDAJ94SSuVpYQUoTcGUIL6L4yNB7j1DFFHSBg==, tarball: https://tone.tcl.com/mirrors/npm/pkgproxy?proxy=673417135477870592&pkgName=regenerator-runtime&version=0.11.1&remote=aHR0cHM6Ly9yZWdpc3RyeS5ucG1taXJyb3IuY29tL3JlZ2VuZXJhdG9yLXJ1bnRpbWUvLS9yZWdlbmVyYXRvci1ydW50aW1lLTAuMTEuMS50Z3o=}

  resize-observer-polyfill@1.5.1:
    resolution: {integrity: sha512-LwZrotdHOo12nQuZlHEmtuXdqGoOD0OhaxopaNFxWzInpEgaLWoVuAMbTzixuosCx2nEG58ngzW3vxdWoxIgdg==, tarball: https://tone.tcl.com/mirrors/npm/pkgproxy?proxy=673417135477870592&pkgName=resize-observer-polyfill&version=1.5.1&remote=aHR0cHM6Ly9yZWdpc3RyeS5ucG1taXJyb3IuY29tL3Jlc2l6ZS1vYnNlcnZlci1wb2x5ZmlsbC8tL3Jlc2l6ZS1vYnNlcnZlci1wb2x5ZmlsbC0xLjUuMS50Z3o=}

  rolldown@1.0.0-beta.53:
    resolution: {integrity: sha512-Qd9c2p0XKZdgT5AYd+KgAMggJ8ZmCs3JnS9PTMWkyUfteKlfmKtxJbWTHkVakxwXs1Ub7jrRYVeFeF7N0sQxyw==, tarball: https://tone.tcl.com/mirrors/npm/pkgproxy?proxy=673417135477870592&pkgName=rolldown&version=1.0.0-beta.53&remote=aHR0cHM6Ly9yZWdpc3RyeS5ucG1taXJyb3IuY29tL3JvbGxkb3duLy0vcm9sbGRvd24tMS4wLjAtYmV0YS41My50Z3o=}
    engines: {node: ^20.19.0 || >=22.12.0}
    hasBin: true

  source-map-js@1.2.1:
    resolution: {integrity: sha512-UXWMKhLOwVKb728IUtQPXxfYU+usdybtUrK/8uGE8CQMvrhOpwvzDBwj0QhSL7MQc7vIsISBG8VQ8+IDQxpfQA==, tarball: https://tone.tcl.com/mirrors/npm/pkgproxy?proxy=673417135477870592&pkgName=source-map-js&version=1.2.1&remote=aHR0cHM6Ly9yZWdpc3RyeS5ucG1taXJyb3IuY29tL3NvdXJjZS1tYXAtanMvLS9zb3VyY2UtbWFwLWpzLTEuMi4xLnRneg==}
    engines: {node: '>=0.10.0'}

  source-map@0.6.1:
    resolution: {integrity: sha512-UjgapumWlbMhkBgzT7Ykc5YXUT46F0iKu8SGXq0bcwP5dz/h0Plj6enJqjz1Zbq2l5WaqYnrVbwWOWMyF3F47g==, tarball: https://tone.tcl.com/mirrors/npm/pkgproxy?proxy=673417135477870592&pkgName=source-map&version=0.6.1&remote=aHR0cHM6Ly9yZWdpc3RyeS5ucG1taXJyb3IuY29tL3NvdXJjZS1tYXAvLS9zb3VyY2UtbWFwLTAuNi4xLnRneg==}
    engines: {node: '>=0.10.0'}

  throttle-debounce@1.1.0:
    resolution: {integrity: sha512-XH8UiPCQcWNuk2LYePibW/4qL97+ZQ1AN3FNXwZRBNPPowo/NRU5fAlDCSNBJIYCKbioZfuYtMhG4quqoJhVzg==, tarball: https://tone.tcl.com/mirrors/npm/pkgproxy?proxy=673417135477870592&pkgName=throttle-debounce&version=1.1.0&remote=aHR0cHM6Ly9yZWdpc3RyeS5ucG1taXJyb3IuY29tL3Rocm90dGxlLWRlYm91bmNlLy0vdGhyb3R0bGUtZGVib3VuY2UtMS4xLjAudGd6}
    engines: {node: '>=4'}

  tinyglobby@0.2.15:
    resolution: {integrity: sha512-j2Zq4NyQYG5XMST4cbs02Ak8iJUdxRM0XI5QyxXuZOzKOINmWurp3smXu3y5wDcJrptwpSjgXHzIQxR0omXljQ==, tarball: https://tone.tcl.com/mirrors/npm/pkgproxy?proxy=673417135477870592&pkgName=tinyglobby&version=0.2.15&remote=aHR0cHM6Ly9yZWdpc3RyeS5ucG1taXJyb3IuY29tL3RpbnlnbG9iYnkvLS90aW55Z2xvYmJ5LTAuMi4xNS50Z3o=}
    engines: {node: '>=12.0.0'}

  tslib@2.8.1:
    resolution: {integrity: sha512-oJFu94HQb+KVduSUQL7wnpmqnfmLsOA/nAh6b6EH0wCEoK0/mPeXU6c3wKDV83MkOuHPRHtSXKKU99IBazS/2w==, tarball: https://tone.tcl.com/mirrors/npm/pkgproxy?proxy=673417135477870592&pkgName=tslib&version=2.8.1&remote=aHR0cHM6Ly9yZWdpc3RyeS5ucG1taXJyb3IuY29tL3RzbGliLy0vdHNsaWItMi44LjEudGd6}

  undici-types@7.16.0:
    resolution: {integrity: sha512-Zz+aZWSj8LE6zoxD+xrjh4VfkIG8Ya6LvYkZqtUQGJPZjYl53ypCaUwWqo7eI0x66KBGeRo+mlBEkMSeSZ38Nw==, tarball: https://tone.tcl.com/mirrors/npm/pkgproxy?proxy=673417135477870592&pkgName=undici-types&version=7.16.0&remote=aHR0cHM6Ly9yZWdpc3RyeS5ucG1taXJyb3IuY29tL3VuZGljaS10eXBlcy8tL3VuZGljaS10eXBlcy03LjE2LjAudGd6}

  vite@8.0.0-beta.1:
    resolution: {integrity: sha512-wWdn95sweG8/AEklHTAwZ9rwxZn77jQ72Flj2004oWpFBao9sTRXAntWEKKyp1qZXXLxNFRhr5Mp5tQIeR0SXA==, tarball: https://tone.tcl.com/mirrors/npm/pkgproxy?proxy=673417135477870592&pkgName=vite&version=8.0.0-beta.1&remote=aHR0cHM6Ly9yZWdpc3RyeS5ucG1taXJyb3IuY29tL3ZpdGUvLS92aXRlLTguMC4wLWJldGEuMS50Z3o=}
    engines: {node: ^20.19.0 || >=22.12.0}
    hasBin: true
    peerDependencies:
      '@types/node': ^20.19.0 || >=22.12.0
      esbuild: ^0.25.0
      jiti: '>=1.21.0'
      less: ^4.0.0
      sass: ^1.70.0
      sass-embedded: ^1.70.0
      stylus: '>=0.54.8'
      sugarss: ^5.0.0
      terser: ^5.16.0
      tsx: ^4.8.1
      yaml: ^2.4.2
    peerDependenciesMeta:
      '@types/node':
        optional: true
      esbuild:
        optional: true
      jiti:
        optional: true
      less:
        optional: true
      sass:
        optional: true
      sass-embedded:
        optional: true
      stylus:
        optional: true
      sugarss:
        optional: true
      terser:
        optional: true
      tsx:
        optional: true
      yaml:
        optional: true

  vue@2.7.16:
    resolution: {integrity: sha512-4gCtFXaAA3zYZdTp5s4Hl2sozuySsgz4jy1EnpBHNfpMa9dK1ZCG7viqBPCwXtmgc8nHqUsAu3G4gtmXkkY3Sw==, tarball: https://tone.tcl.com/mirrors/npm/pkgproxy?proxy=673417135477870592&pkgName=vue&version=2.7.16&remote=aHR0cHM6Ly9yZWdpc3RyeS5ucG1taXJyb3IuY29tL3Z1ZS8tL3Z1ZS0yLjcuMTYudGd6}
    deprecated: Vue 2 has reached EOL and is no longer actively maintained. See https://v2.vuejs.org/eol/ for more details.

snapshots:

  '@babel/helper-string-parser@7.27.1': {}

  '@babel/helper-validator-identifier@7.28.5': {}

  '@babel/parser@7.28.5':
    dependencies:
      '@babel/types': 7.28.5

  '@babel/types@7.28.5':
    dependencies:
      '@babel/helper-string-parser': 7.27.1
      '@babel/helper-validator-identifier': 7.28.5

  '@emnapi/core@1.7.1':
    dependencies:
      '@emnapi/wasi-threads': 1.1.0
      tslib: 2.8.1
    optional: true

  '@emnapi/runtime@1.7.1':
    dependencies:
      tslib: 2.8.1
    optional: true

  '@emnapi/wasi-threads@1.1.0':
    dependencies:
      tslib: 2.8.1
    optional: true

  '@napi-rs/wasm-runtime@1.1.0':
    dependencies:
      '@emnapi/core': 1.7.1
      '@emnapi/runtime': 1.7.1
      '@tybys/wasm-util': 0.10.1
    optional: true

  '@oxc-project/runtime@0.101.0': {}

  '@oxc-project/types@0.101.0': {}

  '@rolldown/binding-android-arm64@1.0.0-beta.53':
    optional: true

  '@rolldown/binding-darwin-arm64@1.0.0-beta.53':
    optional: true

  '@rolldown/binding-darwin-x64@1.0.0-beta.53':
    optional: true

  '@rolldown/binding-freebsd-x64@1.0.0-beta.53':
    optional: true

  '@rolldown/binding-linux-arm-gnueabihf@1.0.0-beta.53':
    optional: true

  '@rolldown/binding-linux-arm64-gnu@1.0.0-beta.53':
    optional: true

  '@rolldown/binding-linux-arm64-musl@1.0.0-beta.53':
    optional: true

  '@rolldown/binding-linux-x64-gnu@1.0.0-beta.53':
    optional: true

  '@rolldown/binding-linux-x64-musl@1.0.0-beta.53':
    optional: true

  '@rolldown/binding-openharmony-arm64@1.0.0-beta.53':
    optional: true

  '@rolldown/binding-wasm32-wasi@1.0.0-beta.53':
    dependencies:
      '@napi-rs/wasm-runtime': 1.1.0
    optional: true

  '@rolldown/binding-win32-arm64-msvc@1.0.0-beta.53':
    optional: true

  '@rolldown/binding-win32-x64-msvc@1.0.0-beta.53':
    optional: true

  '@rolldown/pluginutils@1.0.0-beta.53': {}

  '@tybys/wasm-util@0.10.1':
    dependencies:
      tslib: 2.8.1
    optional: true

  '@types/node@24.10.2':
    dependencies:
      undici-types: 7.16.0
    optional: true

  '@vitejs/plugin-vue2@2.3.4(vite@8.0.0-beta.1(@types/node@24.10.2))(vue@2.7.16)':
    dependencies:
      vite: 8.0.0-beta.1(@types/node@24.10.2)
      vue: 2.7.16

  '@vue/compiler-sfc@2.7.16':
    dependencies:
      '@babel/parser': 7.28.5
      postcss: 8.5.6
      source-map: 0.6.1
    optionalDependencies:
      prettier: 2.8.8

  async-validator@1.8.5:
    dependencies:
      babel-runtime: 6.26.0

  babel-helper-vue-jsx-merge-props@2.0.3: {}

  babel-runtime@6.26.0:
    dependencies:
      core-js: 2.6.12
      regenerator-runtime: 0.11.1

  core-js@2.6.12: {}

  csstype@3.2.3: {}

  deepmerge@1.5.2: {}

  detect-libc@2.1.2: {}

  element-ui@2.15.14(vue@2.7.16):
    dependencies:
      async-validator: 1.8.5
      babel-helper-vue-jsx-merge-props: 2.0.3
      deepmerge: 1.5.2
      normalize-wheel: 1.0.1
      resize-observer-polyfill: 1.5.1
      throttle-debounce: 1.1.0
      vue: 2.7.16

  fdir@6.5.0(picomatch@4.0.3):
    optionalDependencies:
      picomatch: 4.0.3

  fsevents@2.3.3:
    optional: true

  lightningcss-android-arm64@1.30.2:
    optional: true

  lightningcss-darwin-arm64@1.30.2:
    optional: true

  lightningcss-darwin-x64@1.30.2:
    optional: true

  lightningcss-freebsd-x64@1.30.2:
    optional: true

  lightningcss-linux-arm-gnueabihf@1.30.2:
    optional: true

  lightningcss-linux-arm64-gnu@1.30.2:
    optional: true

  lightningcss-linux-arm64-musl@1.30.2:
    optional: true

  lightningcss-linux-x64-gnu@1.30.2:
    optional: true

  lightningcss-linux-x64-musl@1.30.2:
    optional: true

  lightningcss-win32-arm64-msvc@1.30.2:
    optional: true

  lightningcss-win32-x64-msvc@1.30.2:
    optional: true

  lightningcss@1.30.2:
    dependencies:
      detect-libc: 2.1.2
    optionalDependencies:
      lightningcss-android-arm64: 1.30.2
      lightningcss-darwin-arm64: 1.30.2
      lightningcss-darwin-x64: 1.30.2
      lightningcss-freebsd-x64: 1.30.2
      lightningcss-linux-arm-gnueabihf: 1.30.2
      lightningcss-linux-arm64-gnu: 1.30.2
      lightningcss-linux-arm64-musl: 1.30.2
      lightningcss-linux-x64-gnu: 1.30.2
      lightningcss-linux-x64-musl: 1.30.2
      lightningcss-win32-arm64-msvc: 1.30.2
      lightningcss-win32-x64-msvc: 1.30.2

  nanoid@3.3.11: {}

  normalize-wheel@1.0.1: {}

  picocolors@1.1.1: {}

  picomatch@4.0.3: {}

  postcss@8.5.6:
    dependencies:
      nanoid: 3.3.11
      picocolors: 1.1.1
      source-map-js: 1.2.1

  prettier@2.8.8:
    optional: true

  regenerator-runtime@0.11.1: {}

  resize-observer-polyfill@1.5.1: {}

  rolldown@1.0.0-beta.53:
    dependencies:
      '@oxc-project/types': 0.101.0
      '@rolldown/pluginutils': 1.0.0-beta.53
    optionalDependencies:
      '@rolldown/binding-android-arm64': 1.0.0-beta.53
      '@rolldown/binding-darwin-arm64': 1.0.0-beta.53
      '@rolldown/binding-darwin-x64': 1.0.0-beta.53
      '@rolldown/binding-freebsd-x64': 1.0.0-beta.53
      '@rolldown/binding-linux-arm-gnueabihf': 1.0.0-beta.53
      '@rolldown/binding-linux-arm64-gnu': 1.0.0-beta.53
      '@rolldown/binding-linux-arm64-musl': 1.0.0-beta.53
      '@rolldown/binding-linux-x64-gnu': 1.0.0-beta.53
      '@rolldown/binding-linux-x64-musl': 1.0.0-beta.53
      '@rolldown/binding-openharmony-arm64': 1.0.0-beta.53
      '@rolldown/binding-wasm32-wasi': 1.0.0-beta.53
      '@rolldown/binding-win32-arm64-msvc': 1.0.0-beta.53
      '@rolldown/binding-win32-x64-msvc': 1.0.0-beta.53

  source-map-js@1.2.1: {}

  source-map@0.6.1: {}

  throttle-debounce@1.1.0: {}

  tinyglobby@0.2.15:
    dependencies:
      fdir: 6.5.0(picomatch@4.0.3)
      picomatch: 4.0.3

  tslib@2.8.1:
    optional: true

  undici-types@7.16.0:
    optional: true

  vite@8.0.0-beta.1(@types/node@24.10.2):
    dependencies:
      '@oxc-project/runtime': 0.101.0
      fdir: 6.5.0(picomatch@4.0.3)
      lightningcss: 1.30.2
      picomatch: 4.0.3
      postcss: 8.5.6
      rolldown: 1.0.0-beta.53
      tinyglobby: 0.2.15
    optionalDependencies:
      '@types/node': 24.10.2
      fsevents: 2.3.3

  vue@2.7.16:
    dependencies:
      '@vue/compiler-sfc': 2.7.16
      csstype: 3.2.3
